
Microsoft Visual Studio Solution File, Format Version 12.00
# Visual Studio Version 17
VisualStudioVersion = 17.4.33122.133
MinimumVisualStudioVersion = 10.0.40219.1
Project("{9A19103F-16F7-4668-BE54-9A1E7A4F7556}") = "AOC2022_Day_01", "AOC2022_Day_1\AOC2022_Day_01.csproj", "{6F7CD7ED-91B7-4441-87C6-AEE89A40F931}"
EndProject
Project("{9A19103F-16F7-4668-BE54-9A1E7A4F7556}") = "AOC2022_Day_02", "AOC2022_Day_2\AOC2022_Day_02.csproj", "{586EF590-13B5-4385-BA60-8A593B79282E}"
EndProject
Project("{9A19103F-16F7-4668-BE54-9A1E7A4F7556}") = "AOC2022_Day_03", "AOC2022_Day_03\AOC2022_Day_03.csproj", "{4B2C5102-EDC3-4651-B776-B65A4F6AB344}"
EndProject
Project("{9A19103F-16F7-4668-BE54-9A1E7A4F7556}") = "AOC2022_Day_04", "AOC2022_Day_04\AOC2022_Day_04.csproj", "{1A19B295-3A2B-4442-A425-CD3258AC2800}"
EndProject
Project("{9A19103F-16F7-4668-BE54-9A1E7A4F7556}") = "AOC2022_Day_05", "AOC2022_Day_05\AOC2022_Day_05.csproj", "{AF6FFD2B-AC79-40E9-A62A-544314434077}"
EndProject
Project("{9A19103F-16F7-4668-BE54-9A1E7A4F7556}") = "AOC2022_Day_06", "AOC2022_Day_06\AOC2022_Day_06.csproj", "{1D4E99EE-655A-4369-BDBC-62885B1E0184}"
EndProject
Project("{FAE04EC0-301F-11D3-BF4B-00C04F79EFBC}") = "AOC2022_Day_07", "AOC2022_Day_07\AOC2022_Day_07.csproj", "{7C2110C0-F77E-4E99-846A-2A36244F0E33}"
EndProject
Global
	GlobalSection(SolutionConfigurationPlatforms) = preSolution
		Debug|Any CPU = Debug|Any CPU
		Release|Any CPU = Release|Any CPU
	EndGlobalSection
	GlobalSection(ProjectConfigurationPlatforms) = postSolution
		{6F7CD7ED-91B7-4441-87C6-AEE89A40F931}.Debug|Any CPU.ActiveCfg = Debug|Any CPU
		{6F7CD7ED-91B7-4441-87C6-AEE89A40F931}.Debug|Any CPU.Build.0 = Debug|Any CPU
		{6F7CD7ED-91B7-4441-87C6-AEE89A40F931}.Release|Any CPU.ActiveCfg = Release|Any CPU
		{6F7CD7ED-91B7-4441-87C6-AEE89A40F931}.Release|Any CPU.Build.0 = Release|Any CPU
		{586EF590-13B5-4385-BA60-8A593B79282E}.Debug|Any CPU.ActiveCfg = Debug|Any CPU
		{586EF590-13B5-4385-BA60-8A593B79282E}.Debug|Any CPU.Build.0 = Debug|Any CPU
		{586EF590-13B5-4385-BA60-8A593B79282E}.Release|Any CPU.ActiveCfg = Release|Any CPU
		{586EF590-13B5-4385-BA60-8A593B79282E}.Release|Any CPU.Build.0 = Release|Any CPU
		{4B2C5102-EDC3-4651-B776-B65A4F6AB344}.Debug|Any CPU.ActiveCfg = Debug|Any CPU
		{4B2C5102-EDC3-4651-B776-B65A4F6AB344}.Debug|Any CPU.Build.0 = Debug|Any CPU
		{4B2C5102-EDC3-4651-B776-B65A4F6AB344}.Release|Any CPU.ActiveCfg = Release|Any CPU
		{4B2C5102-EDC3-4651-B776-B65A4F6AB344}.Release|Any CPU.Build.0 = Release|Any CPU
		{1A19B295-3A2B-4442-A425-CD3258AC2800}.Debug|Any CPU.ActiveCfg = Debug|Any CPU
		{1A19B295-3A2B-4442-A425-CD3258AC2800}.Debug|Any CPU.Build.0 = Debug|Any CPU
		{1A19B295-3A2B-4442-A425-CD3258AC2800}.Release|Any CPU.ActiveCfg = Release|Any CPU
		{1A19B295-3A2B-4442-A425-CD3258AC2800}.Release|Any CPU.Build.0 = Release|Any CPU
		{AF6FFD2B-AC79-40E9-A62A-544314434077}.Debug|Any CPU.ActiveCfg = Debug|Any CPU
		{AF6FFD2B-AC79-40E9-A62A-544314434077}.Debug|Any CPU.Build.0 = Debug|Any CPU
		{AF6FFD2B-AC79-40E9-A62A-544314434077}.Release|Any CPU.ActiveCfg = Release|Any CPU
		{AF6FFD2B-AC79-40E9-A62A-544314434077}.Release|Any CPU.Build.0 = Release|Any CPU
		{1D4E99EE-655A-4369-BDBC-62885B1E0184}.Debug|Any CPU.ActiveCfg = Debug|Any CPU
		{1D4E99EE-655A-4369-BDBC-62885B1E0184}.Debug|Any CPU.Build.0 = Debug|Any CPU
		{1D4E99EE-655A-4369-BDBC-62885B1E0184}.Release|Any CPU.ActiveCfg = Release|Any CPU
		{1D4E99EE-655A-4369-BDBC-62885B1E0184}.Release|Any CPU.Build.0 = Release|Any CPU
		{7C2110C0-F77E-4E99-846A-2A36244F0E33}.Debug|Any CPU.ActiveCfg = Debug|Any CPU
		{7C2110C0-F77E-4E99-846A-2A36244F0E33}.Debug|Any CPU.Build.0 = Debug|Any CPU
		{7C2110C0-F77E-4E99-846A-2A36244F0E33}.Release|Any CPU.ActiveCfg = Release|Any CPU
		{7C2110C0-F77E-4E99-846A-2A36244F0E33}.Release|Any CPU.Build.0 = Release|Any CPU
	EndGlobalSection
	GlobalSection(SolutionProperties) = preSolution
		HideSolutionNode = FALSE
	EndGlobalSection
	GlobalSection(ExtensibilityGlobals) = postSolution
		SolutionGuid = {45A352F4-5028-4A86-B0F4-00DB02287CE0}
	EndGlobalSection
EndGlobal
